
Microsoft Visual Studio Solution File, Format Version 12.00
# Visual Studio 15
VisualStudioVersion = 15.0.28307.329
MinimumVisualStudioVersion = 10.0.40219.1
Project("{FAE04EC0-301F-11D3-BF4B-00C04F79EFBC}") = "ObjectValidationLib", "ClassLibrary1\ObjectValidationLib.csproj", "{44F9E021-6B99-4F64-BFAA-9F00CCFD91AF}"
EndProject
Project("{FAE04EC0-301F-11D3-BF4B-00C04F79EFBC}") = "ValidatorApp", "ValidatorApp\ValidatorApp.csproj", "{CD3F641F-B4C3-420D-AB48-2259548ECBCA}"
EndProject
Global
	GlobalSection(SolutionConfigurationPlatforms) = preSolution
		Debug|Any CPU = Debug|Any CPU
		Release|Any CPU = Release|Any CPU
	EndGlobalSection
	GlobalSection(ProjectConfigurationPlatforms) = postSolution
		{44F9E021-6B99-4F64-BFAA-9F00CCFD91AF}.Debug|Any CPU.ActiveCfg = Debug|Any CPU
		{44F9E021-6B99-4F64-BFAA-9F00CCFD91AF}.Debug|Any CPU.Build.0 = Debug|Any CPU
		{44F9E021-6B99-4F64-BFAA-9F00CCFD91AF}.Release|Any CPU.ActiveCfg = Release|Any CPU
		{44F9E021-6B99-4F64-BFAA-9F00CCFD91AF}.Release|Any CPU.Build.0 = Release|Any CPU
		{CD3F641F-B4C3-420D-AB48-2259548ECBCA}.Debug|Any CPU.ActiveCfg = Debug|Any CPU
		{CD3F641F-B4C3-420D-AB48-2259548ECBCA}.Debug|Any CPU.Build.0 = Debug|Any CPU
		{CD3F641F-B4C3-420D-AB48-2259548ECBCA}.Release|Any CPU.ActiveCfg = Release|Any CPU
		{CD3F641F-B4C3-420D-AB48-2259548ECBCA}.Release|Any CPU.Build.0 = Release|Any CPU
	EndGlobalSection
	GlobalSection(SolutionProperties) = preSolution
		HideSolutionNode = FALSE
	EndGlobalSection
	GlobalSection(ExtensibilityGlobals) = postSolution
		SolutionGuid = {F54CB6B2-6275-4BF7-9E47-64DD18E5ECD5}
	EndGlobalSection
EndGlobal
